
Microsoft Visual Studio Solution File, Format Version 12.00
# Visual Studio Version 17
VisualStudioVersion = 17.11.35327.3
MinimumVisualStudioVersion = 10.0.40219.1
Project("{2150E333-8FDC-42A3-9474-1A3956D46DE8}") = "Level4", "Level4", "{AD5E5257-EDB7-40F4-8AAD-864C60359B3D}"
EndProject
Project("{2150E333-8FDC-42A3-9474-1A3956D46DE8}") = "Level0", "Level0", "{C90B803C-C768-47B0-AA23-D1E42F6EC4B9}"
EndProject
Project("{8BC9CEB8-8B4A-11D0-8D11-00A0C91BC942}") = "EngineBase", "EngineBase\EngineBase.vcxproj", "{97E43954-2465-41E4-936F-208589D02A1B}"
EndProject
Project("{8BC9CEB8-8B4A-11D0-8D11-00A0C91BC942}") = "App", "App\App.vcxproj", "{96B243AB-7BE1-4F78-AA2F-C4A6A280A0D2}"
	ProjectSection(ProjectDependencies) = postProject
		{802D5FD9-ECF5-4A3D-94B3-C16DA01011C3} = {802D5FD9-ECF5-4A3D-94B3-C16DA01011C3}
		{97E43954-2465-41E4-936F-208589D02A1B} = {97E43954-2465-41E4-936F-208589D02A1B}
		{B08208FB-F8D1-4C4F-A869-2A2E4CC9AC29} = {B08208FB-F8D1-4C4F-A869-2A2E4CC9AC29}
		{B6C6D98B-F670-408C-AFCB-97F5AB966F87} = {B6C6D98B-F670-408C-AFCB-97F5AB966F87}
	EndProjectSection
EndProject
Project("{2150E333-8FDC-42A3-9474-1A3956D46DE8}") = "Level1", "Level1", "{E1DC5A0D-13CA-4C47-8A89-4F6A21EC479C}"
EndProject
Project("{2150E333-8FDC-42A3-9474-1A3956D46DE8}") = "Level2", "Level2", "{D463DB85-ED2C-4408-BD96-3D8C4E7560E9}"
EndProject
Project("{2150E333-8FDC-42A3-9474-1A3956D46DE8}") = "Level3", "Level3", "{A3B9C7B1-F6D0-4E41-B3EA-F5885AB7A5F7}"
EndProject
Project("{8BC9CEB8-8B4A-11D0-8D11-00A0C91BC942}") = "EnginePlatform", "EnginePlatform\EnginePlatform.vcxproj", "{B6C6D98B-F670-408C-AFCB-97F5AB966F87}"
	ProjectSection(ProjectDependencies) = postProject
		{97E43954-2465-41E4-936F-208589D02A1B} = {97E43954-2465-41E4-936F-208589D02A1B}
	EndProjectSection
EndProject
Project("{8BC9CEB8-8B4A-11D0-8D11-00A0C91BC942}") = "EngineCore", "EngineCore\EngineCore.vcxproj", "{802D5FD9-ECF5-4A3D-94B3-C16DA01011C3}"
	ProjectSection(ProjectDependencies) = postProject
		{97E43954-2465-41E4-936F-208589D02A1B} = {97E43954-2465-41E4-936F-208589D02A1B}
		{B6C6D98B-F670-408C-AFCB-97F5AB966F87} = {B6C6D98B-F670-408C-AFCB-97F5AB966F87}
	EndProjectSection
EndProject
Project("{8BC9CEB8-8B4A-11D0-8D11-00A0C91BC942}") = "EngineContents", "EngineContents\EngineContents.vcxproj", "{B08208FB-F8D1-4C4F-A869-2A2E4CC9AC29}"
	ProjectSection(ProjectDependencies) = postProject
		{802D5FD9-ECF5-4A3D-94B3-C16DA01011C3} = {802D5FD9-ECF5-4A3D-94B3-C16DA01011C3}
		{97E43954-2465-41E4-936F-208589D02A1B} = {97E43954-2465-41E4-936F-208589D02A1B}
		{B6C6D98B-F670-408C-AFCB-97F5AB966F87} = {B6C6D98B-F670-408C-AFCB-97F5AB966F87}
	EndProjectSection
EndProject
Project("{8BC9CEB8-8B4A-11D0-8D11-00A0C91BC942}") = "EngineShader", "EngineShader\EngineShader.vcxproj", "{CEF8EDBA-5023-4CD2-AD36-302F5C58377E}"
EndProject
Global
	GlobalSection(SolutionConfigurationPlatforms) = preSolution
		Debug|x64 = Debug|x64
		Debug|x86 = Debug|x86
		Release|x64 = Release|x64
		Release|x86 = Release|x86
	EndGlobalSection
	GlobalSection(ProjectConfigurationPlatforms) = postSolution
		{97E43954-2465-41E4-936F-208589D02A1B}.Debug|x64.ActiveCfg = Debug|x64
		{97E43954-2465-41E4-936F-208589D02A1B}.Debug|x64.Build.0 = Debug|x64
		{97E43954-2465-41E4-936F-208589D02A1B}.Debug|x86.ActiveCfg = Debug|Win32
		{97E43954-2465-41E4-936F-208589D02A1B}.Debug|x86.Build.0 = Debug|Win32
		{97E43954-2465-41E4-936F-208589D02A1B}.Release|x64.ActiveCfg = Release|x64
		{97E43954-2465-41E4-936F-208589D02A1B}.Release|x64.Build.0 = Release|x64
		{97E43954-2465-41E4-936F-208589D02A1B}.Release|x86.ActiveCfg = Release|Win32
		{97E43954-2465-41E4-936F-208589D02A1B}.Release|x86.Build.0 = Release|Win32
		{96B243AB-7BE1-4F78-AA2F-C4A6A280A0D2}.Debug|x64.ActiveCfg = Debug|x64
		{96B243AB-7BE1-4F78-AA2F-C4A6A280A0D2}.Debug|x64.Build.0 = Debug|x64
		{96B243AB-7BE1-4F78-AA2F-C4A6A280A0D2}.Debug|x86.ActiveCfg = Debug|Win32
		{96B243AB-7BE1-4F78-AA2F-C4A6A280A0D2}.Debug|x86.Build.0 = Debug|Win32
		{96B243AB-7BE1-4F78-AA2F-C4A6A280A0D2}.Release|x64.ActiveCfg = Release|x64
		{96B243AB-7BE1-4F78-AA2F-C4A6A280A0D2}.Release|x64.Build.0 = Release|x64
		{96B243AB-7BE1-4F78-AA2F-C4A6A280A0D2}.Release|x86.ActiveCfg = Release|Win32
		{96B243AB-7BE1-4F78-AA2F-C4A6A280A0D2}.Release|x86.Build.0 = Release|Win32
		{B6C6D98B-F670-408C-AFCB-97F5AB966F87}.Debug|x64.ActiveCfg = Debug|x64
		{B6C6D98B-F670-408C-AFCB-97F5AB966F87}.Debug|x64.Build.0 = Debug|x64
		{B6C6D98B-F670-408C-AFCB-97F5AB966F87}.Debug|x86.ActiveCfg = Debug|Win32
		{B6C6D98B-F670-408C-AFCB-97F5AB966F87}.Debug|x86.Build.0 = Debug|Win32
		{B6C6D98B-F670-408C-AFCB-97F5AB966F87}.Release|x64.ActiveCfg = Release|x64
		{B6C6D98B-F670-408C-AFCB-97F5AB966F87}.Release|x64.Build.0 = Release|x64
		{B6C6D98B-F670-408C-AFCB-97F5AB966F87}.Release|x86.ActiveCfg = Release|Win32
		{B6C6D98B-F670-408C-AFCB-97F5AB966F87}.Release|x86.Build.0 = Release|Win32
		{802D5FD9-ECF5-4A3D-94B3-C16DA01011C3}.Debug|x64.ActiveCfg = Debug|x64
		{802D5FD9-ECF5-4A3D-94B3-C16DA01011C3}.Debug|x64.Build.0 = Debug|x64
		{802D5FD9-ECF5-4A3D-94B3-C16DA01011C3}.Debug|x86.ActiveCfg = Debug|Win32
		{802D5FD9-ECF5-4A3D-94B3-C16DA01011C3}.Debug|x86.Build.0 = Debug|Win32
		{802D5FD9-ECF5-4A3D-94B3-C16DA01011C3}.Release|x64.ActiveCfg = Release|x64
		{802D5FD9-ECF5-4A3D-94B3-C16DA01011C3}.Release|x64.Build.0 = Release|x64
		{802D5FD9-ECF5-4A3D-94B3-C16DA01011C3}.Release|x86.ActiveCfg = Release|Win32
		{802D5FD9-ECF5-4A3D-94B3-C16DA01011C3}.Release|x86.Build.0 = Release|Win32
		{B08208FB-F8D1-4C4F-A869-2A2E4CC9AC29}.Debug|x64.ActiveCfg = Debug|x64
		{B08208FB-F8D1-4C4F-A869-2A2E4CC9AC29}.Debug|x64.Build.0 = Debug|x64
		{B08208FB-F8D1-4C4F-A869-2A2E4CC9AC29}.Debug|x86.ActiveCfg = Debug|Win32
		{B08208FB-F8D1-4C4F-A869-2A2E4CC9AC29}.Debug|x86.Build.0 = Debug|Win32
		{B08208FB-F8D1-4C4F-A869-2A2E4CC9AC29}.Release|x64.ActiveCfg = Release|x64
		{B08208FB-F8D1-4C4F-A869-2A2E4CC9AC29}.Release|x64.Build.0 = Release|x64
		{B08208FB-F8D1-4C4F-A869-2A2E4CC9AC29}.Release|x86.ActiveCfg = Release|Win32
		{B08208FB-F8D1-4C4F-A869-2A2E4CC9AC29}.Release|x86.Build.0 = Release|Win32
		{CEF8EDBA-5023-4CD2-AD36-302F5C58377E}.Debug|x64.ActiveCfg = Debug|x64
		{CEF8EDBA-5023-4CD2-AD36-302F5C58377E}.Debug|x64.Build.0 = Debug|x64
		{CEF8EDBA-5023-4CD2-AD36-302F5C58377E}.Debug|x86.ActiveCfg = Debug|Win32
		{CEF8EDBA-5023-4CD2-AD36-302F5C58377E}.Debug|x86.Build.0 = Debug|Win32
		{CEF8EDBA-5023-4CD2-AD36-302F5C58377E}.Release|x64.ActiveCfg = Release|x64
		{CEF8EDBA-5023-4CD2-AD36-302F5C58377E}.Release|x64.Build.0 = Release|x64
		{CEF8EDBA-5023-4CD2-AD36-302F5C58377E}.Release|x86.ActiveCfg = Release|Win32
		{CEF8EDBA-5023-4CD2-AD36-302F5C58377E}.Release|x86.Build.0 = Release|Win32
	EndGlobalSection
	GlobalSection(SolutionProperties) = preSolution
		HideSolutionNode = FALSE
	EndGlobalSection
	GlobalSection(NestedProjects) = preSolution
		{97E43954-2465-41E4-936F-208589D02A1B} = {C90B803C-C768-47B0-AA23-D1E42F6EC4B9}
		{96B243AB-7BE1-4F78-AA2F-C4A6A280A0D2} = {AD5E5257-EDB7-40F4-8AAD-864C60359B3D}
		{B6C6D98B-F670-408C-AFCB-97F5AB966F87} = {E1DC5A0D-13CA-4C47-8A89-4F6A21EC479C}
		{802D5FD9-ECF5-4A3D-94B3-C16DA01011C3} = {D463DB85-ED2C-4408-BD96-3D8C4E7560E9}
		{B08208FB-F8D1-4C4F-A869-2A2E4CC9AC29} = {A3B9C7B1-F6D0-4E41-B3EA-F5885AB7A5F7}
		{CEF8EDBA-5023-4CD2-AD36-302F5C58377E} = {D463DB85-ED2C-4408-BD96-3D8C4E7560E9}
	EndGlobalSection
	GlobalSection(ExtensibilityGlobals) = postSolution
		SolutionGuid = {043B2F63-8F41-4ACD-8455-08BD2D49146B}
	EndGlobalSection
EndGlobal
